# Generated by buf. DO NOT EDIT.
version: v1
deps:
  - remote: buf.build
    owner: cncf
    repository: xds
    commit: 197fca8a74c54bc888e0ccf2da3b9f65
    digest: shake256:cc68ed395f3531a8fa3a053a2c6f013fee057945a39b934aecdb3a204af7ea512da3e366b24ef72a9123985aeacb000291354799d8ac7dcb30e9907f30158110
  - remote: buf.build
    owner: envoyproxy
    repository: envoy
    commit: 3afde44c0a3a4c68806763a2e0a3e32b
    digest: shake256:22819862cc0524a9c441338a811363fb844e9578dc97170bfba96d4d9e488f9ad7277c2fe1ed7de8fc1356496148df81c2c1f086b7bce113ba81cae35a034afd
  - remote: buf.build
    owner: envoyproxy
    repository: protoc-gen-validate
    commit: 6607b10f00ed4a3d98f906807131c44a
    digest: shake256:acc7b2ededb2f88d296862943a003b157bdb68ec93ed13dcd8566b2d06e47993ea6daf12013b9655658aaf6bbdb141cf65bfe400ce2870f4654b0a5b45e57c09
  - remote: buf.build
    owner: googleapis
    repository: googleapis
    commit: 4ed3bc159a8b4ac68fe253218760d035
    digest: shake256:7149cf5e9955c692d381e557830555d4e93f205a0f1b8e2dfdae46d029369aa3fc1980e35df0d310f7cc3b622f93e19ad276769a283a967dd3065ddfd3a40e13
  - remote: buf.build
    owner: grpc
    repository: grpc
    commit: e4b0a0e599944a739dbf9b8562632012
    digest: shake256:3c86821a8cc6db697365332be3f48ce7bdf3b7540629d12c05d75b36f34a6ab9be3e8f6868cd8467c4db0a17b6f6f24bb3f045be4c5291ccc0dd47416e874b25
  - remote: buf.build
    owner: grpc-ecosystem
    repository: grpc-gateway
    commit: ca289928665845a7b2f7285d052c739a
    digest: shake256:67b115260e12cb2d6c5d5ce8dbbf3a095c86f0e52b84f9dbd16dec9433b218f8694bc9aadb1d45eb6fd52f5a7029977d460e2d58afb3208ab6c680e7b21c80e4
